
Microsoft Visual Studio Solution File, Format Version 12.00
# Visual Studio 15
VisualStudioVersion = 15.0.26430.12
MinimumVisualStudioVersion = 10.0.40219.1
Project("{2150E333-8FDC-42A3-9474-1A3956D46DE8}") = "src", "src", "{4C70A742-98C4-4918-BF87-584C79F71FC2}"
EndProject
Project("{2150E333-8FDC-42A3-9474-1A3956D46DE8}") = "test", "test", "{40FC8ED2-F811-4D68-A4D9-6E644F17EBDE}"
EndProject
Project("{FAE04EC0-301F-11D3-BF4B-00C04F79EFBC}") = "OhPrimitiveTypes", "src\OhPrimitiveTypes\OhPrimitiveTypes.csproj", "{BA547E65-B42A-4EC3-B4FA-1D5F412A2328}"
EndProject
Project("{FAE04EC0-301F-11D3-BF4B-00C04F79EFBC}") = "OhPrimitiveTypes.Test", "test\OhPrimitiveTypes.Test\OhPrimitiveTypes.Test.csproj", "{B40F798C-018C-46B6-AFBE-57A1CB77F0FF}"
EndProject
Global
	GlobalSection(SolutionConfigurationPlatforms) = preSolution
		Debug|Any CPU = Debug|Any CPU
		Release|Any CPU = Release|Any CPU
	EndGlobalSection
	GlobalSection(ProjectConfigurationPlatforms) = postSolution
		{BA547E65-B42A-4EC3-B4FA-1D5F412A2328}.Debug|Any CPU.ActiveCfg = Debug|Any CPU
		{BA547E65-B42A-4EC3-B4FA-1D5F412A2328}.Debug|Any CPU.Build.0 = Debug|Any CPU
		{BA547E65-B42A-4EC3-B4FA-1D5F412A2328}.Release|Any CPU.ActiveCfg = Release|Any CPU
		{BA547E65-B42A-4EC3-B4FA-1D5F412A2328}.Release|Any CPU.Build.0 = Release|Any CPU
		{B40F798C-018C-46B6-AFBE-57A1CB77F0FF}.Debug|Any CPU.ActiveCfg = Debug|Any CPU
		{B40F798C-018C-46B6-AFBE-57A1CB77F0FF}.Debug|Any CPU.Build.0 = Debug|Any CPU
		{B40F798C-018C-46B6-AFBE-57A1CB77F0FF}.Release|Any CPU.ActiveCfg = Release|Any CPU
		{B40F798C-018C-46B6-AFBE-57A1CB77F0FF}.Release|Any CPU.Build.0 = Release|Any CPU
	EndGlobalSection
	GlobalSection(SolutionProperties) = preSolution
		HideSolutionNode = FALSE
	EndGlobalSection
	GlobalSection(NestedProjects) = preSolution
		{BA547E65-B42A-4EC3-B4FA-1D5F412A2328} = {4C70A742-98C4-4918-BF87-584C79F71FC2}
		{B40F798C-018C-46B6-AFBE-57A1CB77F0FF} = {40FC8ED2-F811-4D68-A4D9-6E644F17EBDE}
	EndGlobalSection
EndGlobal
